{
  "name": "tsc_config_project",
  "version": "1.0.0",
  "lockfileVersion": 1,
  "requires": true,
  "dependencies": {
    "@types/lodash": {
      "version": "4.14.175",
      "resolved": "https://registry.npmmirror.com/@types/lodash/download/@types/lodash-4.14.175.tgz?cache=0&sync_timestamp=1632778887790&other_urls=https%3A%2F%2Fregistry.npmmirror.com%2F%40types%2Flodash%2Fdownload%2F%40types%2Flodash-4.14.175.tgz",
      "integrity": "sha1-t436lZGSsB+uCtkOFmR4dpshX0U=",
      "dev": true
    },
    "lodash": {
      "version": "4.17.21",
      "resolved": "https://registry.npm.taobao.org/lodash/download/lodash-4.17.21.tgz?cache=0&sync_timestamp=1613835860585&other_urls=https%3A%2F%2Fregistry.npm.taobao.org%2Flodash%2Fdownload%2Flodash-4.17.21.tgz",
      "integrity": "sha1-Z5WRxWTDv/quhFTPCz3zcMPWkRw="
    },
    "typescript": {
      "version": "4.4.3",
      "resolved": "https://registry.npmmirror.com/typescript/download/typescript-4.4.3.tgz?cache=0&sync_timestamp=1632813556510&other_urls=https%3A%2F%2Fregistry.npmmirror.com%2Ftypescript%2Fdownload%2Ftypescript-4.4.3.tgz",
      "integrity": "sha1-vcVAfKorEJ79T4L+EwZW+XeikyQ=",
      "dev": true
    }
  }
}
